Microsoft Visual Studio Solution File, Format Version 11.00
# Visual Studio 2010
Project("{FAE04EC0-301F-11D3-BF4B-00C04F79EFBC}") = "myd3d", "myd3d.csproj", "{BF0F0797-4FAF-4B9E-A9C0-D4719A9FBEA6}"
EndProject
Project("{8BC9CEB8-8B4A-11D0-8D11-00A0C91BC942}") = "cppDll", "cppDll\cppDll.vcxproj", "{FE20CBE6-8D5B-4195-A915-D3E9AEF12203}"
EndProject
Global
	GlobalSection(SolutionConfigurationPlatforms) = preSolution
		Debug|Any CPU = Debug|Any CPU
		Debug|Mixed Platforms = Debug|Mixed Platforms
		Debug|Win32 = Debug|Win32
		Debug|x64 = Debug|x64
		Release|Any CPU = Release|Any CPU
		Release|Mixed Platforms = Release|Mixed Platforms
		Release|Win32 = Release|Win32
		Release|x64 = Release|x64
	EndGlobalSection
	GlobalSection(ProjectConfigurationPlatforms) = postSolution
		{BF0F0797-4FAF-4B9E-A9C0-D4719A9FBEA6}.Debug|Any CPU.ActiveCfg = Debug|Any CPU
		{BF0F0797-4FAF-4B9E-A9C0-D4719A9FBEA6}.Debug|Any CPU.Build.0 = Debug|Any CPU
		{BF0F0797-4FAF-4B9E-A9C0-D4719A9FBEA6}.Debug|Mixed Platforms.ActiveCfg = Debug|Any CPU
		{BF0F0797-4FAF-4B9E-A9C0-D4719A9FBEA6}.Debug|Mixed Platforms.Build.0 = Debug|Any CPU
		{BF0F0797-4FAF-4B9E-A9C0-D4719A9FBEA6}.Debug|Win32.ActiveCfg = Debug|Any CPU
		{BF0F0797-4FAF-4B9E-A9C0-D4719A9FBEA6}.Debug|x64.ActiveCfg = Debug|Any CPU
		{BF0F0797-4FAF-4B9E-A9C0-D4719A9FBEA6}.Release|Any CPU.ActiveCfg = Release|Any CPU
		{BF0F0797-4FAF-4B9E-A9C0-D4719A9FBEA6}.Release|Any CPU.Build.0 = Release|Any CPU
		{BF0F0797-4FAF-4B9E-A9C0-D4719A9FBEA6}.Release|Mixed Platforms.ActiveCfg = Release|Any CPU
		{BF0F0797-4FAF-4B9E-A9C0-D4719A9FBEA6}.Release|Mixed Platforms.Build.0 = Release|Any CPU
		{BF0F0797-4FAF-4B9E-A9C0-D4719A9FBEA6}.Release|Win32.ActiveCfg = Release|Any CPU
		{BF0F0797-4FAF-4B9E-A9C0-D4719A9FBEA6}.Release|x64.ActiveCfg = Release|Any CPU
		{FE20CBE6-8D5B-4195-A915-D3E9AEF12203}.Debug|Any CPU.ActiveCfg = Debug|Win32
		{FE20CBE6-8D5B-4195-A915-D3E9AEF12203}.Debug|Mixed Platforms.ActiveCfg = Debug|Win32
		{FE20CBE6-8D5B-4195-A915-D3E9AEF12203}.Debug|Mixed Platforms.Build.0 = Debug|Win32
		{FE20CBE6-8D5B-4195-A915-D3E9AEF12203}.Debug|Win32.ActiveCfg = Debug|Win32
		{FE20CBE6-8D5B-4195-A915-D3E9AEF12203}.Debug|Win32.Build.0 = Debug|Win32
		{FE20CBE6-8D5B-4195-A915-D3E9AEF12203}.Debug|x64.ActiveCfg = Debug|x64
		{FE20CBE6-8D5B-4195-A915-D3E9AEF12203}.Debug|x64.Build.0 = Debug|x64
		{FE20CBE6-8D5B-4195-A915-D3E9AEF12203}.Release|Any CPU.ActiveCfg = Release|Win32
		{FE20CBE6-8D5B-4195-A915-D3E9AEF12203}.Release|Mixed Platforms.ActiveCfg = Release|Win32
		{FE20CBE6-8D5B-4195-A915-D3E9AEF12203}.Release|Mixed Platforms.Build.0 = Release|Win32
		{FE20CBE6-8D5B-4195-A915-D3E9AEF12203}.Release|Win32.ActiveCfg = Release|Win32
		{FE20CBE6-8D5B-4195-A915-D3E9AEF12203}.Release|Win32.Build.0 = Release|Win32
		{FE20CBE6-8D5B-4195-A915-D3E9AEF12203}.Release|x64.ActiveCfg = Release|x64
		{FE20CBE6-8D5B-4195-A915-D3E9AEF12203}.Release|x64.Build.0 = Release|x64
	EndGlobalSection
	GlobalSection(SolutionProperties) = preSolution
		HideSolutionNode = FALSE
	EndGlobalSection
EndGlobal
