Microsoft Visual Studio Solution File, Format Version 10.00
# Visual Studio 2008
Project("{FAE04EC0-301F-11D3-BF4B-00C04F79EFBC}") = "myd3d", "myd3d.csproj", "{BF0F0797-4FAF-4B9E-A9C0-D4719A9FBEA6}"
EndProject
Global
	GlobalSection(SolutionConfigurationPlatforms) = preSolution
		Debug|Any CPU = Debug|Any CPU
		Release|Any CPU = Release|Any CPU
	EndGlobalSection
	GlobalSection(ProjectConfigurationPlatforms) = postSolution
		{BF0F0797-4FAF-4B9E-A9C0-D4719A9FBEA6}.Debug|Any CPU.ActiveCfg = Debug|Any CPU
		{BF0F0797-4FAF-4B9E-A9C0-D4719A9FBEA6}.Debug|Any CPU.Build.0 = Debug|Any CPU
		{BF0F0797-4FAF-4B9E-A9C0-D4719A9FBEA6}.Release|Any CPU.ActiveCfg = Release|Any CPU
		{BF0F0797-4FAF-4B9E-A9C0-D4719A9FBEA6}.Release|Any CPU.Build.0 = Release|Any CPU
	EndGlobalSection
	GlobalSection(SolutionProperties) = preSolution
		HideSolutionNode = FALSE
	EndGlobalSection
EndGlobal
